
Microsoft Visual Studio Solution File, Format Version 12.00
# Visual Studio Version 16
VisualStudioVersion = 16.0.31911.196
MinimumVisualStudioVersion = 10.0.40219.1
Project("{FAE04EC0-301F-11D3-BF4B-00C04F79EFBC}") = "Wiggly", "Wiggly.csproj", "{56D610C4-3679-4DAA-9FB8-64E8622C2304}"
EndProject
Global
	GlobalSection(SolutionConfigurationPlatforms) = preSolution
		Debug|Any CPU = Debug|Any CPU
		Release|Any CPU = Release|Any CPU
	EndGlobalSection
	GlobalSection(ProjectConfigurationPlatforms) = postSolution
		{56D610C4-3679-4DAA-9FB8-64E8622C2304}.Debug|Any CPU.ActiveCfg = Debug|Any CPU
		{56D610C4-3679-4DAA-9FB8-64E8622C2304}.Debug|Any CPU.Build.0 = Debug|Any CPU
		{56D610C4-3679-4DAA-9FB8-64E8622C2304}.Release|Any CPU.ActiveCfg = Release|Any CPU
		{56D610C4-3679-4DAA-9FB8-64E8622C2304}.Release|Any CPU.Build.0 = Release|Any CPU
	EndGlobalSection
	GlobalSection(SolutionProperties) = preSolution
		HideSolutionNode = FALSE
	EndGlobalSection
	GlobalSection(ExtensibilityGlobals) = postSolution
		SolutionGuid = {BAF28A17-5DA2-49D3-84BA-11A4C4787A15}
	EndGlobalSection
EndGlobal
